
Microsoft Visual Studio Solution File, Format Version 12.00
# Visual Studio Version 17
VisualStudioVersion = 17.9.34728.123
MinimumVisualStudioVersion = 10.0.40219.1
Project("{FAE04EC0-301F-11D3-BF4B-00C04F79EFBC}") = "NotificationApp", "NotificationApp\NotificationApp.csproj", "{0AC34DDE-B39E-4007-B774-7041BA6D97DA}"
EndProject
Global
	GlobalSection(SolutionConfigurationPlatforms) = preSolution
		Debug|Any CPU = Debug|Any CPU
		Release|Any CPU = Release|Any CPU
	EndGlobalSection
	GlobalSection(ProjectConfigurationPlatforms) = postSolution
		{0AC34DDE-B39E-4007-B774-7041BA6D97DA}.Debug|Any CPU.ActiveCfg = Debug|Any CPU
		{0AC34DDE-B39E-4007-B774-7041BA6D97DA}.Debug|Any CPU.Build.0 = Debug|Any CPU
		{0AC34DDE-B39E-4007-B774-7041BA6D97DA}.Release|Any CPU.ActiveCfg = Release|Any CPU
		{0AC34DDE-B39E-4007-B774-7041BA6D97DA}.Release|Any CPU.Build.0 = Release|Any CPU
	EndGlobalSection
	GlobalSection(SolutionProperties) = preSolution
		HideSolutionNode = FALSE
	EndGlobalSection
	GlobalSection(ExtensibilityGlobals) = postSolution
		SolutionGuid = {74453A6F-D615-4231-B371-5FF2A24E71E2}
	EndGlobalSection
EndGlobal
